Microsoft Visual Studio Solution File, Format Version 12.00
# Visual Studio 2013
VisualStudioVersion = 12.0.21005.1
MinimumVisualStudioVersion = 10.0.40219.1
Project("{2150E333-8FDC-42A3-9474-1A3956D46DE8}") = ".nuget", ".nuget", "{7873EAA2-F28E-48A0-B90E-9E733505C036}"
	ProjectSection(SolutionItems) = preProject
		.nuget\NuGet.exe = .nuget\NuGet.exe
		.nuget\NuGet.targets = .nuget\NuGet.targets
	EndProjectSection
EndProject
Project("{FAE04EC0-301F-11D3-BF4B-00C04F79EFBC}") = "C5", "C5\C5.csproj", "{D02E0664-C56C-4C3F-98E5-C8EC881A8439}"
EndProject
Project("{FAE04EC0-301F-11D3-BF4B-00C04F79EFBC}") = "C5.Tests", "C5.Tests\C5.Tests.csproj", "{08CBFDEB-A2E2-4F0E-A4E1-B996B05569DE}"
EndProject
Project("{FAE04EC0-301F-11D3-BF4B-00C04F79EFBC}") = "C5.UserGuideExamples", "C5.UserGuideExamples\C5.UserGuideExamples.csproj", "{B2A29FF2-A5C5-4F07-8CE7-FF5D744D7562}"
EndProject
Project("{2150E333-8FDC-42A3-9474-1A3956D46DE8}") = "Solution Items", "Solution Items", "{97B9443C-0872-416D-A45A-D9540AC9D9BD}"
	ProjectSection(SolutionItems) = preProject
		C5.vsmdi = C5.vsmdi
		Local.testsettings = Local.testsettings
		Performance1.psess = Performance1.psess
		Performance2.psess = Performance2.psess
		Performance3.psess = Performance3.psess
		Performance4.psess = Performance4.psess
		Performance5.psess = Performance5.psess
		TraceAndTestImpact.testsettings = TraceAndTestImpact.testsettings
	EndProjectSection
EndProject
Project("{FAE04EC0-301F-11D3-BF4B-00C04F79EFBC}") = "C5.Performance.Wpf", "C5.Performance.Wpf\C5.Performance.Wpf.csproj", "{2FDF20F0-55AF-4A44-90ED-E658ADD5D500}"
EndProject
Project("{FAE04EC0-301F-11D3-BF4B-00C04F79EFBC}") = "C5.Ucsc", "C5.Ucsc\C5.Ucsc.csproj", "{2B89EBFA-7CBC-46B3-943F-10209C906294}"
EndProject
Project("{FAE04EC0-301F-11D3-BF4B-00C04F79EFBC}") = "C5.Profiling", "C5.Profiling\C5.Profiling.csproj", "{F679133B-2AD9-44F0-9462-7825A4121F1C}"
EndProject
Project("{FAE04EC0-301F-11D3-BF4B-00C04F79EFBC}") = "C5.UserGuideExampleRunner", "C5.UserGuideExampleRunner\C5.UserGuideExampleRunner.csproj", "{651F7788-6152-4DCB-9588-44552DCD48E2}"
EndProject
Project("{FAE04EC0-301F-11D3-BF4B-00C04F79EFBC}") = "C5.IntervalHotSpots", "C5.IntervalHotSpots\C5.IntervalHotSpots.csproj", "{FF3DEB1E-D19F-49B4-A73D-CA8544F9B113}"
EndProject
Global
	GlobalSection(SolutionConfigurationPlatforms) = preSolution
		Debug|Any CPU = Debug|Any CPU
		Release|Any CPU = Release|Any CPU
	EndGlobalSection
	GlobalSection(ProjectConfigurationPlatforms) = postSolution
		{D02E0664-C56C-4C3F-98E5-C8EC881A8439}.Debug|Any CPU.ActiveCfg = Debug|Any CPU
		{D02E0664-C56C-4C3F-98E5-C8EC881A8439}.Debug|Any CPU.Build.0 = Debug|Any CPU
		{D02E0664-C56C-4C3F-98E5-C8EC881A8439}.Release|Any CPU.ActiveCfg = Release|Any CPU
		{D02E0664-C56C-4C3F-98E5-C8EC881A8439}.Release|Any CPU.Build.0 = Release|Any CPU
		{08CBFDEB-A2E2-4F0E-A4E1-B996B05569DE}.Debug|Any CPU.ActiveCfg = Debug|Any CPU
		{08CBFDEB-A2E2-4F0E-A4E1-B996B05569DE}.Debug|Any CPU.Build.0 = Debug|Any CPU
		{08CBFDEB-A2E2-4F0E-A4E1-B996B05569DE}.Release|Any CPU.ActiveCfg = Release|Any CPU
		{08CBFDEB-A2E2-4F0E-A4E1-B996B05569DE}.Release|Any CPU.Build.0 = Release|Any CPU
		{B2A29FF2-A5C5-4F07-8CE7-FF5D744D7562}.Debug|Any CPU.ActiveCfg = Debug|Any CPU
		{B2A29FF2-A5C5-4F07-8CE7-FF5D744D7562}.Debug|Any CPU.Build.0 = Debug|Any CPU
		{B2A29FF2-A5C5-4F07-8CE7-FF5D744D7562}.Release|Any CPU.ActiveCfg = Release|Any CPU
		{B2A29FF2-A5C5-4F07-8CE7-FF5D744D7562}.Release|Any CPU.Build.0 = Release|Any CPU
		{2FDF20F0-55AF-4A44-90ED-E658ADD5D500}.Debug|Any CPU.ActiveCfg = Debug|Any CPU
		{2FDF20F0-55AF-4A44-90ED-E658ADD5D500}.Debug|Any CPU.Build.0 = Debug|Any CPU
		{2FDF20F0-55AF-4A44-90ED-E658ADD5D500}.Release|Any CPU.ActiveCfg = Release|Any CPU
		{2FDF20F0-55AF-4A44-90ED-E658ADD5D500}.Release|Any CPU.Build.0 = Release|Any CPU
		{2B89EBFA-7CBC-46B3-943F-10209C906294}.Debug|Any CPU.ActiveCfg = Debug|Any CPU
		{2B89EBFA-7CBC-46B3-943F-10209C906294}.Debug|Any CPU.Build.0 = Debug|Any CPU
		{2B89EBFA-7CBC-46B3-943F-10209C906294}.Release|Any CPU.ActiveCfg = Release|Any CPU
		{2B89EBFA-7CBC-46B3-943F-10209C906294}.Release|Any CPU.Build.0 = Release|Any CPU
		{F679133B-2AD9-44F0-9462-7825A4121F1C}.Debug|Any CPU.ActiveCfg = Debug|Any CPU
		{F679133B-2AD9-44F0-9462-7825A4121F1C}.Debug|Any CPU.Build.0 = Debug|Any CPU
		{F679133B-2AD9-44F0-9462-7825A4121F1C}.Release|Any CPU.ActiveCfg = Release|Any CPU
		{F679133B-2AD9-44F0-9462-7825A4121F1C}.Release|Any CPU.Build.0 = Release|Any CPU
		{651F7788-6152-4DCB-9588-44552DCD48E2}.Debug|Any CPU.ActiveCfg = Debug|Any CPU
		{651F7788-6152-4DCB-9588-44552DCD48E2}.Debug|Any CPU.Build.0 = Debug|Any CPU
		{651F7788-6152-4DCB-9588-44552DCD48E2}.Release|Any CPU.ActiveCfg = Release|Any CPU
		{651F7788-6152-4DCB-9588-44552DCD48E2}.Release|Any CPU.Build.0 = Release|Any CPU
		{FF3DEB1E-D19F-49B4-A73D-CA8544F9B113}.Debug|Any CPU.ActiveCfg = Debug|Any CPU
		{FF3DEB1E-D19F-49B4-A73D-CA8544F9B113}.Debug|Any CPU.Build.0 = Debug|Any CPU
		{FF3DEB1E-D19F-49B4-A73D-CA8544F9B113}.Release|Any CPU.ActiveCfg = Release|Any CPU
		{FF3DEB1E-D19F-49B4-A73D-CA8544F9B113}.Release|Any CPU.Build.0 = Release|Any CPU
	EndGlobalSection
	GlobalSection(SolutionProperties) = preSolution
		HideSolutionNode = FALSE
	EndGlobalSection
	GlobalSection(Performance) = preSolution
		HasPerformanceSessions = true
	EndGlobalSection
	GlobalSection(TestCaseManagementSettings) = postSolution
		CategoryFile = C5.vsmdi
	EndGlobalSection
EndGlobal
